<?xml version="1.0" encoding="utf-8"?>
<Project ToolsVersion="4.0" xmlns="http://schemas.microsoft.com/developer/msbuild/2003">
  <ItemGroup>
    <Filter Include="Source Files">
      <UniqueIdentifier>{4FC737F1-C7A5-4376-A066-2A32D752A2FF}</UniqueIdentifier>
      <Extensions>cpp;c;cc;cxx;def;odl;idl;hpj;bat;asm;asmx</Extensions>
    </Filter>
    <Filter Include="Header Files">
      <UniqueIdentifier>{93995380-89BD-4b04-88EB-625FBE52EBFB}</UniqueIdentifier>
      <Extensions>h;hpp;hxx;hm;inl;inc;xsd</Extensions>
    </Filter>
    <Filter Include="Resource Files">
      <UniqueIdentifier>{67DA6AB6-F800-4c08-8B7A-83BB121AAD01}</UniqueIdentifier>
      <Extensions>rc;ico;cur;bmp;dlg;rc2;rct;bin;rgs;gif;jpg;jpeg;jpe;resx;tiff;tif;png;wav;mfcribbon-ms</Extensions>
    </Filter>
    <Filter Include="Source Files\GameObjects">
      <UniqueIdentifier>{ed9b6147-627a-49ab-a46c-dcf541b0c24e}</UniqueIdentifier>
    </Filter>
    <Filter Include="Source Files\GameObjects\Movable">
      <UniqueIdentifier>{4dc0409d-a76f-488a-879b-44147f433a69}</UniqueIdentifier>
    </Filter>
    <Filter Include="Source Files\GameObjects\Background">
      <UniqueIdentifier>{46ccceb9-9e14-4bd9-bc9a-05cbd3cae60f}</UniqueIdentifier>
    </Filter>
    <Filter Include="Header Files\GameObjects">
      <UniqueIdentifier>{0d9f5a79-5e5b-4d60-b463-eeaf7532cc5d}</UniqueIdentifier>
    </Filter>
    <Filter Include="Header Files\GameObjects\Movable">
      <UniqueIdentifier>{39c3769b-de0a-4e99-9a60-582c77f82818}</UniqueIdentifier>
    </Filter>
    <Filter Include="Header Files\GameObjects\Background">
      <UniqueIdentifier>{20cdc979-1ea6-4c11-9e4b-48355c6bd01b}</UniqueIdentifier>
    </Filter>
    <Filter Include="Header Files\Menus">
      <UniqueIdentifier>{4efec50d-d568-461d-9902-903d87132ae2}</UniqueIdentifier>
    </Filter>
    <Filter Include="Header Files\Managers">
      <UniqueIdentifier>{6be71eb6-f459-4690-b1f0-a5af10588215}</UniqueIdentifier>
    </Filter>
    <Filter Include="Header Files\Misc">
      <UniqueIdentifier>{84997cc4-b980-4a24-8fc4-ca55bea914d5}</UniqueIdentifier>
    </Filter>
    <Filter Include="Source Files\Menus">
      <UniqueIdentifier>{a09fbaef-dcb4-4674-847f-28e5453d5547}</UniqueIdentifier>
    </Filter>
    <Filter Include="Source Files\Managers">
      <UniqueIdentifier>{d6e76101-e21a-4504-a067-e9ab1e91a102}</UniqueIdentifier>
    </Filter>
    <Filter Include="Source Files\Misc">
      <UniqueIdentifier>{feb8886d-4207-4cf0-9ad7-c796f98985ab}</UniqueIdentifier>
    </Filter>
  </ItemGroup>
  <ItemGroup>
    <None Include="ReadMe.txt" />
  </ItemGroup>
  <ItemGroup>
    <ClInclude Include="GameObject.h">
      <Filter>Header Files\GameObjects</Filter>
    </ClInclude>
    <ClInclude Include="MovableObject.h">
      <Filter>Header Files\GameObjects\Movable</Filter>
    </ClInclude>
    <ClInclude Include="Area.h">
      <Filter>Header Files\GameObjects\Background</Filter>
    </ClInclude>
    <ClInclude Include="Tile.h">
      <Filter>Header Files\GameObjects\Background</Filter>
    </ClInclude>
    <ClInclude Include="Game.h">
      <Filter>Header Files</Filter>
    </ClInclude>
    <ClInclude Include="WallArea.h">
      <Filter>Header Files\GameObjects\Background</Filter>
    </ClInclude>
    <ClInclude Include="Button.h">
      <Filter>Header Files\Menus</Filter>
    </ClInclude>
    <ClInclude Include="ButtonList.h">
      <Filter>Header Files\Menus</Filter>
    </ClInclude>
    <ClInclude Include="MainMenu.h">
      <Filter>Header Files\Menus</Filter>
    </ClInclude>
    <ClInclude Include="Menu.h">
      <Filter>Header Files\Menus</Filter>
    </ClInclude>
    <ClInclude Include="GameObjectManager.h">
      <Filter>Header Files\Managers</Filter>
    </ClInclude>
    <ClInclude Include="ImageManager.h">
      <Filter>Header Files\Managers</Filter>
    </ClInclude>
    <ClInclude Include="SplashScreen.h">
      <Filter>Header Files\Misc</Filter>
    </ClInclude>
    <ClInclude Include="stdafx.h">
      <Filter>Header Files\Misc</Filter>
    </ClInclude>
    <ClInclude Include="Room.h">
      <Filter>Header Files\GameObjects\Background</Filter>
    </ClInclude>
    <ClInclude Include="AreaList.h">
      <Filter>Header Files\GameObjects\Background</Filter>
    </ClInclude>
    <ClInclude Include="RandomFloor.h">
      <Filter>Header Files\GameObjects\Background</Filter>
    </ClInclude>
    <ClInclude Include="Floor.h">
      <Filter>Header Files\GameObjects\Background</Filter>
    </ClInclude>
  </ItemGroup>
  <ItemGroup>
    <ClCompile Include="Game.cpp">
      <Filter>Source Files</Filter>
    </ClCompile>
    <ClCompile Include="GameObject.cpp">
      <Filter>Source Files\GameObjects</Filter>
    </ClCompile>
    <ClCompile Include="MovableObject.cpp">
      <Filter>Source Files\GameObjects\Movable</Filter>
    </ClCompile>
    <ClCompile Include="Tile.cpp">
      <Filter>Source Files\GameObjects\Background</Filter>
    </ClCompile>
    <ClCompile Include="Area.cpp">
      <Filter>Source Files\GameObjects\Background</Filter>
    </ClCompile>
    <ClCompile Include="WallArea.cpp">
      <Filter>Source Files\GameObjects\Background</Filter>
    </ClCompile>
    <ClCompile Include="Button.cpp">
      <Filter>Source Files\Menus</Filter>
    </ClCompile>
    <ClCompile Include="ButtonList.cpp">
      <Filter>Source Files\Menus</Filter>
    </ClCompile>
    <ClCompile Include="MainMenu.cpp">
      <Filter>Source Files\Menus</Filter>
    </ClCompile>
    <ClCompile Include="Menu.cpp">
      <Filter>Source Files\Menus</Filter>
    </ClCompile>
    <ClCompile Include="GameObjectManager.cpp">
      <Filter>Source Files\Managers</Filter>
    </ClCompile>
    <ClCompile Include="ImageManager.cpp">
      <Filter>Source Files\Managers</Filter>
    </ClCompile>
    <ClCompile Include="SplashScreen.cpp">
      <Filter>Source Files\Misc</Filter>
    </ClCompile>
    <ClCompile Include="stdafx.cpp">
      <Filter>Source Files\Misc</Filter>
    </ClCompile>
    <ClCompile Include="RPG.cpp">
      <Filter>Source Files\Misc</Filter>
    </ClCompile>
    <ClCompile Include="Room.cpp">
      <Filter>Source Files\GameObjects\Background</Filter>
    </ClCompile>
    <ClCompile Include="RandomFloor.cpp">
      <Filter>Source Files\GameObjects\Background</Filter>
    </ClCompile>
    <ClCompile Include="Floor.cpp">
      <Filter>Source Files\GameObjects\Background</Filter>
    </ClCompile>
  </ItemGroup>
</Project>