
Microsoft Visual Studio Solution File, Format Version 11.00
# Visual Studio 2010
Project("{FAE04EC0-301F-11D3-BF4B-00C04F79EFBC}") = "RPGgamePrototype", "RPGgamePrototype\RPGgamePrototype\RPGgamePrototype.csproj", "{D4E44877-46E6-4F31-BF4F-890BA67BE60B}"
EndProject
Project("{96E2B04D-8817-42C6-938A-82C39BA4D311}") = "RPGgamePrototypeContent", "RPGgamePrototype\RPGgamePrototypeContent\RPGgamePrototypeContent.contentproj", "{78F1B4CE-BC71-403B-9F02-7028AD39765B}"
EndProject
Global
	GlobalSection(SolutionConfigurationPlatforms) = preSolution
		Debug|x86 = Debug|x86
		Release|x86 = Release|x86
	EndGlobalSection
	GlobalSection(ProjectConfigurationPlatforms) = postSolution
		{D4E44877-46E6-4F31-BF4F-890BA67BE60B}.Debug|x86.ActiveCfg = Debug|x86
		{D4E44877-46E6-4F31-BF4F-890BA67BE60B}.Debug|x86.Build.0 = Debug|x86
		{D4E44877-46E6-4F31-BF4F-890BA67BE60B}.Release|x86.ActiveCfg = Release|x86
		{D4E44877-46E6-4F31-BF4F-890BA67BE60B}.Release|x86.Build.0 = Release|x86
		{78F1B4CE-BC71-403B-9F02-7028AD39765B}.Debug|x86.ActiveCfg = Debug|x86
		{78F1B4CE-BC71-403B-9F02-7028AD39765B}.Release|x86.ActiveCfg = Release|x86
	EndGlobalSection
	GlobalSection(SolutionProperties) = preSolution
		HideSolutionNode = FALSE
	EndGlobalSection
EndGlobal
