
Microsoft Visual Studio Solution File, Format Version 11.00
# Visual Studio 2010
Project("{FAE04EC0-301F-11D3-BF4B-00C04F79EFBC}") = "ModifyXML1", "ModifyXML1\ModifyXML1.csproj", "{37BCF983-02C8-4445-87E4-B10111F49372}"
EndProject
Global
	GlobalSection(SolutionConfigurationPlatforms) = preSolution
		Debug|x86 = Debug|x86
		Release|x86 = Release|x86
	EndGlobalSection
	GlobalSection(ProjectConfigurationPlatforms) = postSolution
		{37BCF983-02C8-4445-87E4-B10111F49372}.Debug|x86.ActiveCfg = Debug|x86
		{37BCF983-02C8-4445-87E4-B10111F49372}.Debug|x86.Build.0 = Debug|x86
		{37BCF983-02C8-4445-87E4-B10111F49372}.Release|x86.ActiveCfg = Release|x86
		{37BCF983-02C8-4445-87E4-B10111F49372}.Release|x86.Build.0 = Release|x86
	EndGlobalSection
	GlobalSection(SolutionProperties) = preSolution
		HideSolutionNode = FALSE
	EndGlobalSection
EndGlobal
