
Microsoft Visual Studio Solution File, Format Version 11.00
# Visual Studio 2010
Project("{FAE04EC0-301F-11D3-BF4B-00C04F79EFBC}") = "Dark Heresy Scenario", "Dark Heresy Scenario\Dark Heresy Scenario.csproj", "{705CC398-8112-4FE6-8ABB-10C0CD04F885}"
EndProject
Global
	GlobalSection(SolutionConfigurationPlatforms) = preSolution
		Debug|x86 = Debug|x86
		Release|x86 = Release|x86
	EndGlobalSection
	GlobalSection(ProjectConfigurationPlatforms) = postSolution
		{705CC398-8112-4FE6-8ABB-10C0CD04F885}.Debug|x86.ActiveCfg = Debug|x86
		{705CC398-8112-4FE6-8ABB-10C0CD04F885}.Debug|x86.Build.0 = Debug|x86
		{705CC398-8112-4FE6-8ABB-10C0CD04F885}.Release|x86.ActiveCfg = Release|x86
		{705CC398-8112-4FE6-8ABB-10C0CD04F885}.Release|x86.Build.0 = Release|x86
	EndGlobalSection
	GlobalSection(SolutionProperties) = preSolution
		HideSolutionNode = FALSE
	EndGlobalSection
EndGlobal
