
Microsoft Visual Studio Solution File, Format Version 11.00
# Visual Studio 2010
Project("{FAE04EC0-301F-11D3-BF4B-00C04F79EFBC}") = "Parser", "Parser\Parser.csproj", "{E620F7FA-09DD-46A2-801B-99D37A896690}"
EndProject
Global
	GlobalSection(SolutionConfigurationPlatforms) = preSolution
		Debug|x86 = Debug|x86
		Release|x86 = Release|x86
	EndGlobalSection
	GlobalSection(ProjectConfigurationPlatforms) = postSolution
		{E620F7FA-09DD-46A2-801B-99D37A896690}.Debug|x86.ActiveCfg = Debug|x86
		{E620F7FA-09DD-46A2-801B-99D37A896690}.Debug|x86.Build.0 = Debug|x86
		{E620F7FA-09DD-46A2-801B-99D37A896690}.Release|x86.ActiveCfg = Release|x86
		{E620F7FA-09DD-46A2-801B-99D37A896690}.Release|x86.Build.0 = Release|x86
	EndGlobalSection
	GlobalSection(SolutionProperties) = preSolution
		HideSolutionNode = FALSE
	EndGlobalSection
EndGlobal
