
Microsoft Visual Studio Solution File, Format Version 11.00
# Visual Studio 2010
Project("{FAE04EC0-301F-11D3-BF4B-00C04F79EFBC}") = "TBSgame", "TBSgame\TBSgame\TBSgame.csproj", "{31E61AF2-66D9-41F6-8049-5ECD3ED52CE3}"
EndProject
Project("{96E2B04D-8817-42C6-938A-82C39BA4D311}") = "TBSgameContent", "TBSgame\TBSgameContent\TBSgameContent.contentproj", "{FE723CFE-E2B6-42AA-AF84-2C469349468A}"
EndProject
Global
	GlobalSection(SolutionConfigurationPlatforms) = preSolution
		Debug|x86 = Debug|x86
		Release|x86 = Release|x86
	EndGlobalSection
	GlobalSection(ProjectConfigurationPlatforms) = postSolution
		{31E61AF2-66D9-41F6-8049-5ECD3ED52CE3}.Debug|x86.ActiveCfg = Debug|x86
		{31E61AF2-66D9-41F6-8049-5ECD3ED52CE3}.Debug|x86.Build.0 = Debug|x86
		{31E61AF2-66D9-41F6-8049-5ECD3ED52CE3}.Release|x86.ActiveCfg = Release|x86
		{31E61AF2-66D9-41F6-8049-5ECD3ED52CE3}.Release|x86.Build.0 = Release|x86
		{FE723CFE-E2B6-42AA-AF84-2C469349468A}.Debug|x86.ActiveCfg = Debug|x86
		{FE723CFE-E2B6-42AA-AF84-2C469349468A}.Release|x86.ActiveCfg = Release|x86
	EndGlobalSection
	GlobalSection(SolutionProperties) = preSolution
		HideSolutionNode = FALSE
	EndGlobalSection
EndGlobal
